
Microsoft Visual Studio Solution File, Format Version 12.00
# Visual Studio Version 17
VisualStudioVersion = 17.5.33627.172
MinimumVisualStudioVersion = 10.0.40219.1
Project("{FAE04EC0-301F-11D3-BF4B-00C04F79EFBC}") = "JWT.NetFramework", "JWT.NetFramework\JWT.NetFramework.csproj", "{2D969488-1A13-45DF-891C-A8A522652CB0}"
EndProject
Global
	GlobalSection(SolutionConfigurationPlatforms) = preSolution
		Debug|Any CPU = Debug|Any CPU
		Release|Any CPU = Release|Any CPU
	EndGlobalSection
	GlobalSection(ProjectConfigurationPlatforms) = postSolution
		{2D969488-1A13-45DF-891C-A8A522652CB0}.Debug|Any CPU.ActiveCfg = Debug|Any CPU
		{2D969488-1A13-45DF-891C-A8A522652CB0}.Debug|Any CPU.Build.0 = Debug|Any CPU
		{2D969488-1A13-45DF-891C-A8A522652CB0}.Release|Any CPU.ActiveCfg = Release|Any CPU
		{2D969488-1A13-45DF-891C-A8A522652CB0}.Release|Any CPU.Build.0 = Release|Any CPU
	EndGlobalSection
	GlobalSection(SolutionProperties) = preSolution
		HideSolutionNode = FALSE
	EndGlobalSection
	GlobalSection(ExtensibilityGlobals) = postSolution
		SolutionGuid = {44B625B2-A472-4A5F-8D12-FC44FC7463AB}
	EndGlobalSection
EndGlobal
